
Microsoft Visual Studio Solution File, Format Version 12.00
# Visual Studio 14
VisualStudioVersion = 14.0.25420.1
MinimumVisualStudioVersion = 10.0.40219.1
Project("{FAE04EC0-301F-11D3-BF4B-00C04F79EFBC}") = "Threads", "Threads\Threads.csproj", "{50734081-23DB-4E01-B141-8DCCBBAE7AB7}"
EndProject
Project("{FAE04EC0-301F-11D3-BF4B-00C04F79EFBC}") = "ThreadPooling", "ThreadPooling\ThreadPooling.csproj", "{BF734688-AE3B-4371-8AAA-B33A0610168D}"
EndProject
Project("{FAE04EC0-301F-11D3-BF4B-00C04F79EFBC}") = "Synchronization", "Synchronization\Synchronization.csproj", "{5A0A475E-11E3-4DC3-BBDE-9303BCF699AD}"
EndProject
Project("{FAE04EC0-301F-11D3-BF4B-00C04F79EFBC}") = "ParallelProgramming", "ParallelProgramming\ParallelProgramming.csproj", "{821A73C0-6A55-4034-944B-5F785E70683B}"
EndProject
Global
	GlobalSection(SolutionConfigurationPlatforms) = preSolution
		Debug|Any CPU = Debug|Any CPU
		Release|Any CPU = Release|Any CPU
	EndGlobalSection
	GlobalSection(ProjectConfigurationPlatforms) = postSolution
		{50734081-23DB-4E01-B141-8DCCBBAE7AB7}.Debug|Any CPU.ActiveCfg = Debug|Any CPU
		{50734081-23DB-4E01-B141-8DCCBBAE7AB7}.Debug|Any CPU.Build.0 = Debug|Any CPU
		{50734081-23DB-4E01-B141-8DCCBBAE7AB7}.Release|Any CPU.ActiveCfg = Release|Any CPU
		{50734081-23DB-4E01-B141-8DCCBBAE7AB7}.Release|Any CPU.Build.0 = Release|Any CPU
		{BF734688-AE3B-4371-8AAA-B33A0610168D}.Debug|Any CPU.ActiveCfg = Debug|Any CPU
		{BF734688-AE3B-4371-8AAA-B33A0610168D}.Debug|Any CPU.Build.0 = Debug|Any CPU
		{BF734688-AE3B-4371-8AAA-B33A0610168D}.Release|Any CPU.ActiveCfg = Release|Any CPU
		{BF734688-AE3B-4371-8AAA-B33A0610168D}.Release|Any CPU.Build.0 = Release|Any CPU
		{5A0A475E-11E3-4DC3-BBDE-9303BCF699AD}.Debug|Any CPU.ActiveCfg = Debug|Any CPU
		{5A0A475E-11E3-4DC3-BBDE-9303BCF699AD}.Debug|Any CPU.Build.0 = Debug|Any CPU
		{5A0A475E-11E3-4DC3-BBDE-9303BCF699AD}.Release|Any CPU.ActiveCfg = Release|Any CPU
		{5A0A475E-11E3-4DC3-BBDE-9303BCF699AD}.Release|Any CPU.Build.0 = Release|Any CPU
		{821A73C0-6A55-4034-944B-5F785E70683B}.Debug|Any CPU.ActiveCfg = Debug|Any CPU
		{821A73C0-6A55-4034-944B-5F785E70683B}.Debug|Any CPU.Build.0 = Debug|Any CPU
		{821A73C0-6A55-4034-944B-5F785E70683B}.Release|Any CPU.ActiveCfg = Release|Any CPU
		{821A73C0-6A55-4034-944B-5F785E70683B}.Release|Any CPU.Build.0 = Release|Any CPU
	EndGlobalSection
	GlobalSection(SolutionProperties) = preSolution
		HideSolutionNode = FALSE
	EndGlobalSection
EndGlobal
